// !$*UTF8*$!
{
	archiveVersion = 1;
	classes = {
	};
	objectVersion = 56;
	objects = {

/* Begin PBXBuildFile section */
		1234863E29F7F87600FACCF5 /* AssetView.swift in Sources */ = {isa = PBXBuildFile; fileRef = 1234863229F7F87600FACCF5 /* AssetView.swift */; };
		1234863F29F7F87600FACCF5 /* AssetBannerView.swift in Sources */ = {isa = PBXBuildFile; fileRef = 1234863429F7F87600FACCF5 /* AssetBannerView.swift */; };
		1234864029F7F87600FACCF5 /* PageControl.swift in Sources */ = {isa = PBXBuildFile; fileRef = 1234863529F7F87600FACCF5 /* PageControl.swift */; };
		1234864129F7F87600FACCF5 /* BannerCard.swift in Sources */ = {isa = PBXBuildFile; fileRef = 1234863629F7F87600FACCF5 /* BannerCard.swift */; };
		1234864229F7F87600FACCF5 /* PageViewController.swift in Sources */ = {isa = PBXBuildFile; fileRef = 1234863729F7F87600FACCF5 /* PageViewController.swift */; };
		1234864329F7F87600FACCF5 /* AssetMenuButtonStyle.swift in Sources */ = {isa = PBXBuildFile; fileRef = 1234863929F7F87600FACCF5 /* AssetMenuButtonStyle.swift */; };
		1234864429F7F87600FACCF5 /* AssetMenuGridView.swift in Sources */ = {isa = PBXBuildFile; fileRef = 1234863A29F7F87600FACCF5 /* AssetMenuGridView.swift */; };
		1234864529F7F87600FACCF5 /* AssetBanner.swift in Sources */ = {isa = PBXBuildFile; fileRef = 1234863C29F7F87600FACCF5 /* AssetBanner.swift */; };
		1234864629F7F87600FACCF5 /* AssetMenu.swift in Sources */ = {isa = PBXBuildFile; fileRef = 1234863D29F7F87600FACCF5 /* AssetMenu.swift */; };
		12E28E3929F15E6A005CA9CD /* Assets_SDYApp.swift in Sources */ = {isa = PBXBuildFile; fileRef = 12E28E3829F15E6A005CA9CD /* Assets_SDYApp.swift */; };
		12E28E3B29F15E6A005CA9CD /* ContentView.swift in Sources */ = {isa = PBXBuildFile; fileRef = 12E28E3A29F15E6A005CA9CD /* ContentView.swift */; };
		12E28E3D29F15E6B005CA9CD /* Assets.xcassets in Resources */ = {isa = PBXBuildFile; fileRef = 12E28E3C29F15E6B005CA9CD /* Assets.xcassets */; };
		12E28E4029F15E6B005CA9CD /* Preview Assets.xcassets in Resources */ = {isa = PBXBuildFile; fileRef = 12E28E3F29F15E6B005CA9CD /* Preview Assets.xcassets */; };
		12E28E4729F16AFB005CA9CD /* NavigationBarWithButton.swift in Sources */ = {isa = PBXBuildFile; fileRef = 12E28E4629F16AFB005CA9CD /* NavigationBarWithButton.swift */; };
/* End PBXBuildFile section */

/* Begin PBXFileReference section */
		1234863229F7F87600FACCF5 /* AssetView.swift */ = {isa = PBXFileReference; fileEncoding = 4; lastKnownFileType = sourcecode.swift; path = AssetView.swift; sourceTree = "<group>"; };
		1234863429F7F87600FACCF5 /* AssetBannerView.swift */ = {isa = PBXFileReference; fileEncoding = 4; lastKnownFileType = sourcecode.swift; path = AssetBannerView.swift; sourceTree = "<group>"; };
		1234863529F7F87600FACCF5 /* PageControl.swift */ = {isa = PBXFileReference; fileEncoding = 4; lastKnownFileType = sourcecode.swift; path = PageControl.swift; sourceTree = "<group>"; };
		1234863629F7F87600FACCF5 /* BannerCard.swift */ = {isa = PBXFileReference; fileEncoding = 4; lastKnownFileType = sourcecode.swift; path = BannerCard.swift; sourceTree = "<group>"; };
		1234863729F7F87600FACCF5 /* PageViewController.swift */ = {isa = PBXFileReference; fileEncoding = 4; lastKnownFileType = sourcecode.swift; path = PageViewController.swift; sourceTree = "<group>"; };
		1234863929F7F87600FACCF5 /* AssetMenuButtonStyle.swift */ = {isa = PBXFileReference; fileEncoding = 4; lastKnownFileType = sourcecode.swift; path = AssetMenuButtonStyle.swift; sourceTree = "<group>"; };
		1234863A29F7F87600FACCF5 /* AssetMenuGridView.swift */ = {isa = PBXFileReference; fileEncoding = 4; lastKnownFileType = sourcecode.swift; path = AssetMenuGridView.swift; sourceTree = "<group>"; };
		1234863C29F7F87600FACCF5 /* AssetBanner.swift */ = {isa = PBXFileReference; fileEncoding = 4; lastKnownFileType = sourcecode.swift; path = AssetBanner.swift; sourceTree = "<group>"; };
		1234863D29F7F87600FACCF5 /* AssetMenu.swift */ = {isa = PBXFileReference; fileEncoding = 4; lastKnownFileType = sourcecode.swift; path = AssetMenu.swift; sourceTree = "<group>"; };
		12E28E3529F15E6A005CA9CD /* Assets_SDY.app */ = {isa = PBXFileReference; explicitFileType = wrapper.application; includeInIndex = 0; path = Assets_SDY.app; sourceTree = BUILT_PRODUCTS_DIR; };
		12E28E3829F15E6A005CA9CD /* Assets_SDYApp.swift */ = {isa = PBXFileReference; lastKnownFileType = sourcecode.swift; path = Assets_SDYApp.swift; sourceTree = "<group>"; };
		12E28E3A29F15E6A005CA9CD /* ContentView.swift */ = {isa = PBXFileReference; lastKnownFileType = sourcecode.swift; path = ContentView.swift; sourceTree = "<group>"; };
		12E28E3C29F15E6B005CA9CD /* Assets.xcassets */ = {isa = PBXFileReference; lastKnownFileType = folder.assetcatalog; path = Assets.xcassets; sourceTree = "<group>"; };
		12E28E3F29F15E6B005CA9CD /* Preview Assets.xcassets */ = {isa = PBXFileReference; lastKnownFileType = folder.assetcatalog; path = "Preview Assets.xcassets"; sourceTree = "<group>"; };
		12E28E4629F16AFB005CA9CD /* NavigationBarWithButton.swift */ = {isa = PBXFileReference; lastKnownFileType = sourcecode.swift; path = NavigationBarWithButton.swift; sourceTree = "<group>"; };
/* End PBXFileReference section */

/* Begin PBXFrameworksBuildPhase section */
		12E28E3229F15E6A005CA9CD /* Frameworks */ = {
			isa = PBXFrameworksBuildPhase;
			buildActionMask = 2147483647;
			files = (
			);
			runOnlyForDeploymentPostprocessing = 0;
		};
/* End PBXFrameworksBuildPhase section */

/* Begin PBXGroup section */
		1234863329F7F87600FACCF5 /* AssetBannerView */ = {
			isa = PBXGroup;
			children = (
				1234863429F7F87600FACCF5 /* AssetBannerView.swift */,
				1234863529F7F87600FACCF5 /* PageControl.swift */,
				1234863629F7F87600FACCF5 /* BannerCard.swift */,
				1234863729F7F87600FACCF5 /* PageViewController.swift */,
			);
			path = AssetBannerView;
			sourceTree = "<group>";
		};
		1234863829F7F87600FACCF5 /* AssetMenu */ = {
			isa = PBXGroup;
			children = (
				1234863929F7F87600FACCF5 /* AssetMenuButtonStyle.swift */,
				1234863A29F7F87600FACCF5 /* AssetMenuGridView.swift */,
			);
			path = AssetMenu;
			sourceTree = "<group>";
		};
		1234863B29F7F87600FACCF5 /* Entities */ = {
			isa = PBXGroup;
			children = (
				1234863C29F7F87600FACCF5 /* AssetBanner.swift */,
				1234863D29F7F87600FACCF5 /* AssetMenu.swift */,
			);
			path = Entities;
			sourceTree = "<group>";
		};
		12E28E2C29F15E6A005CA9CD = {
			isa = PBXGroup;
			children = (
				12E28E3729F15E6A005CA9CD /* Assets_SDY */,
				12E28E3629F15E6A005CA9CD /* Products */,
			);
			sourceTree = "<group>";
		};
		12E28E3629F15E6A005CA9CD /* Products */ = {
			isa = PBXGroup;
			children = (
				12E28E3529F15E6A005CA9CD /* Assets_SDY.app */,
			);
			name = Products;
			sourceTree = "<group>";
		};
		12E28E3729F15E6A005CA9CD /* Assets_SDY */ = {
			isa = PBXGroup;
			children = (
				1234863329F7F87600FACCF5 /* AssetBannerView */,
				1234863829F7F87600FACCF5 /* AssetMenu */,
				1234863B29F7F87600FACCF5 /* Entities */,
				12E28E3829F15E6A005CA9CD /* Assets_SDYApp.swift */,
				1234863229F7F87600FACCF5 /* AssetView.swift */,
				12E28E3A29F15E6A005CA9CD /* ContentView.swift */,
				12E28E4629F16AFB005CA9CD /* NavigationBarWithButton.swift */,
				12E28E3C29F15E6B005CA9CD /* Assets.xcassets */,
				12E28E3E29F15E6B005CA9CD /* Preview Content */,
			);
			path = Assets_SDY;
			sourceTree = "<group>";
		};
		12E28E3E29F15E6B005CA9CD /* Preview Content */ = {
			isa = PBXGroup;
			children = (
				12E28E3F29F15E6B005CA9CD /* Preview Assets.xcassets */,
			);
			path = "Preview Content";
			sourceTree = "<group>";
		};
/* End PBXGroup section */

/* Begin PBXNativeTarget section */
		12E28E3429F15E6A005CA9CD /* Assets_SDY */ = {
			isa = PBXNativeTarget;
			buildConfigurationList = 12E28E4329F15E6B005CA9CD /* Build configuration list for PBXNativeTarget "Assets_SDY" */;
			buildPhases = (
				12E28E3129F15E6A005CA9CD /* Sources */,
				12E28E3229F15E6A005CA9CD /* Frameworks */,
				12E28E3329F15E6A005CA9CD /* Resources */,
			);
			buildRules = (
			);
			dependencies = (
			);
			name = Assets_SDY;
			productName = Assets_SDY;
			productReference = 12E28E3529F15E6A005CA9CD /* Assets_SDY.app */;
			productType = "com.apple.product-type.application";
		};
/* End PBXNativeTarget section */

/* Begin PBXProject section */
		12E28E2D29F15E6A005CA9CD /* Project object */ = {
			isa = PBXProject;
			attributes = {
				BuildIndependentTargetsInParallel = 1;
				LastSwiftUpdateCheck = 1420;
				LastUpgradeCheck = 1420;
				TargetAttributes = {
					12E28E3429F15E6A005CA9CD = {
						CreatedOnToolsVersion = 14.2;
					};
				};
			};
			buildConfigurationList = 12E28E3029F15E6A005CA9CD /* Build configuration list for PBXProject "Assets_SDY" */;
			compatibilityVersion = "Xcode 14.0";
			developmentRegion = en;
			hasScannedForEncodings = 0;
			knownRegions = (
				en,
				Base,
			);
			mainGroup = 12E28E2C29F15E6A005CA9CD;
			productRefGroup = 12E28E3629F15E6A005CA9CD /* Products */;
			projectDirPath = "";
			projectRoot = "";
			targets = (
				12E28E3429F15E6A005CA9CD /* Assets_SDY */,
			);
		};
/* End PBXProject section */

/* Begin PBXResourcesBuildPhase section */
		12E28E3329F15E6A005CA9CD /* Resources */ = {
			isa = PBXResourcesBuildPhase;
			buildActionMask = 2147483647;
			files = (
				12E28E4029F15E6B005CA9CD /* Preview Assets.xcassets in Resources */,
				12E28E3D29F15E6B005CA9CD /* Assets.xcassets in Resources */,
			);
			runOnlyForDeploymentPostprocessing = 0;
		};
/* End PBXResourcesBuildPhase section */

/* Begin PBXSourcesBuildPhase section */
		12E28E3129F15E6A005CA9CD /* Sources */ = {
			isa = PBXSourcesBuildPhase;
			buildActionMask = 2147483647;
			files = (
				1234864429F7F87600FACCF5 /* AssetMenuGridView.swift in Sources */,
				12E28E4729F16AFB005CA9CD /* NavigationBarWithButton.swift in Sources */,
				1234863E29F7F87600FACCF5 /* AssetView.swift in Sources */,
				1234864029F7F87600FACCF5 /* PageControl.swift in Sources */,
				1234864129F7F87600FACCF5 /* BannerCard.swift in Sources */,
				12E28E3B29F15E6A005CA9CD /* ContentView.swift in Sources */,
				1234864329F7F87600FACCF5 /* AssetMenuButtonStyle.swift in Sources */,
				1234864629F7F87600FACCF5 /* AssetMenu.swift in Sources */,
				12E28E3929F15E6A005CA9CD /* Assets_SDYApp.swift in Sources */,
				1234864529F7F87600FACCF5 /* AssetBanner.swift in Sources */,
				1234863F29F7F87600FACCF5 /* AssetBannerView.swift in Sources */,
				1234864229F7F87600FACCF5 /* PageViewController.swift in Sources */,
			);
			runOnlyForDeploymentPostprocessing = 0;
		};
/* End PBXSourcesBuildPhase section */

/* Begin XCBuildConfiguration section */
		12E28E4129F15E6B005CA9CD /* Debug */ = {
			isa = XCBuildConfiguration;
			buildSettings = {
				ALWAYS_SEARCH_USER_PATHS = NO;
				CLANG_ANALYZER_NONNULL = YES;
				CLANG_ANALYZER_NUMBER_OBJECT_CONVERSION = YES_AGGRESSIVE;
				CLANG_CXX_LANGUAGE_STANDARD = "gnu++20";
				CLANG_ENABLE_MODULES = YES;
				CLANG_ENABLE_OBJC_ARC = YES;
				CLANG_ENABLE_OBJC_WEAK = YES;
				CLANG_WARN_BLOCK_CAPTURE_AUTORELEASING = YES;
				CLANG_WARN_BOOL_CONVERSION = YES;
				CLANG_WARN_COMMA = YES;
				CLANG_WARN_CONSTANT_CONVERSION = YES;
				CLANG_WARN_DEPRECATED_OBJC_IMPLEMENTATIONS = YES;
				CLANG_WARN_DIRECT_OBJC_ISA_USAGE = YES_ERROR;
				CLANG_WARN_DOCUMENTATION_COMMENTS = YES;
				CLANG_WARN_EMPTY_BODY = YES;
				CLANG_WARN_ENUM_CONVERSION = YES;
				CLANG_WARN_INFINITE_RECURSION = YES;
				CLANG_WARN_INT_CONVERSION = YES;
				CLANG_WARN_NON_LITERAL_NULL_CONVERSION = YES;
				CLANG_WARN_OBJC_IMPLICIT_RETAIN_SELF = YES;
				CLANG_WARN_OBJC_LITERAL_CONVERSION = YES;
				CLANG_WARN_OBJC_ROOT_CLASS = YES_ERROR;
				CLANG_WARN_QUOTED_INCLUDE_IN_FRAMEWORK_HEADER = YES;
				CLANG_WARN_RANGE_LOOP_ANALYSIS = YES;
				CLANG_WARN_STRICT_PROTOTYPES = YES;
				CLANG_WARN_SUSPICIOUS_MOVE = YES;
				CLANG_WARN_UNGUARDED_AVAILABILITY = YES_AGGRESSIVE;
				CLANG_WARN_UNREACHABLE_CODE = YES;
				CLANG_WARN__DUPLICATE_METHOD_MATCH = YES;
				COPY_PHASE_STRIP = NO;
				DEBUG_INFORMATION_FORMAT = dwarf;
				ENABLE_STRICT_OBJC_MSGSEND = YES;
				ENABLE_TESTABILITY = YES;
				GCC_C_LANGUAGE_STANDARD = gnu11;
				GCC_DYNAMIC_NO_PIC = NO;
				GCC_NO_COMMON_BLOCKS = YES;
				GCC_OPTIMIZATION_LEVEL = 0;
				GCC_PREPROCESSOR_DEFINITIONS = (
					"DEBUG=1",
					"$(inherited)",
				);
				GCC_WARN_64_TO_32_BIT_CONVERSION = YES;
				GCC_WARN_ABOUT_RETURN_TYPE = YES_ERROR;
				GCC_WARN_UNDECLARED_SELECTOR = YES;
				GCC_WARN_UNINITIALIZED_AUTOS = YES_AGGRESSIVE;
				GCC_WARN_UNUSED_FUNCTION = YES;
				GCC_WARN_UNUSED_VARIABLE = YES;
				IPHONEOS_DEPLOYMENT_TARGET = 16.2;
				MTL_ENABLE_DEBUG_INFO = INCLUDE_SOURCE;
				MTL_FAST_MATH = YES;
				ONLY_ACTIVE_ARCH = YES;
				SDKROOT = iphoneos;
				SWIFT_ACTIVE_COMPILATION_CONDITIONS = DEBUG;
				SWIFT_OPTIMIZATION_LEVEL = "-Onone";
			};
			name = Debug;
		};
		12E28E4229F15E6B005CA9CD /* Release */ = {
			isa = XCBuildConfiguration;
			buildSettings = {
				ALWAYS_SEARCH_USER_PATHS = NO;
				CLANG_ANALYZER_NONNULL = YES;
				CLANG_ANALYZER_NUMBER_OBJECT_CONVERSION = YES_AGGRESSIVE;
				CLANG_CXX_LANGUAGE_STANDARD = "gnu++20";
				CLANG_ENABLE_MODULES = YES;
				CLANG_ENABLE_OBJC_ARC = YES;
				CLANG_ENABLE_OBJC_WEAK = YES;
				CLANG_WARN_BLOCK_CAPTURE_AUTORELEASING = YES;
				CLANG_WARN_BOOL_CONVERSION = YES;
				CLANG_WARN_COMMA = YES;
				CLANG_WARN_CONSTANT_CONVERSION = YES;
				CLANG_WARN_DEPRECATED_OBJC_IMPLEMENTATIONS = YES;
				CLANG_WARN_DIRECT_OBJC_ISA_USAGE = YES_ERROR;
				CLANG_WARN_DOCUMENTATION_COMMENTS = YES;
				CLANG_WARN_EMPTY_BODY = YES;
				CLANG_WARN_ENUM_CONVERSION = YES;
				CLANG_WARN_INFINITE_RECURSION = YES;
				CLANG_WARN_INT_CONVERSION = YES;
				CLANG_WARN_NON_LITERAL_NULL_CONVERSION = YES;
				CLANG_WARN_OBJC_IMPLICIT_RETAIN_SELF = YES;
				CLANG_WARN_OBJC_LITERAL_CONVERSION = YES;
				CLANG_WARN_OBJC_ROOT_CLASS = YES_ERROR;
				CLANG_WARN_QUOTED_INCLUDE_IN_FRAMEWORK_HEADER = YES;
				CLANG_WARN_RANGE_LOOP_ANALYSIS = YES;
				CLANG_WARN_STRICT_PROTOTYPES = YES;
				CLANG_WARN_SUSPICIOUS_MOVE = YES;
				CLANG_WARN_UNGUARDED_AVAILABILITY = YES_AGGRESSIVE;
				CLANG_WARN_UNREACHABLE_CODE = YES;
				CLANG_WARN__DUPLICATE_METHOD_MATCH = YES;
				COPY_PHASE_STRIP = NO;
				DEBUG_INFORMATION_FORMAT = "dwarf-with-dsym";
				ENABLE_NS_ASSERTIONS = NO;
				ENABLE_STRICT_OBJC_MSGSEND = YES;
				GCC_C_LANGUAGE_STANDARD = gnu11;
				GCC_NO_COMMON_BLOCKS = YES;
				GCC_WARN_64_TO_32_BIT_CONVERSION = YES;
				GCC_WARN_ABOUT_RETURN_TYPE = YES_ERROR;
				GCC_WARN_UNDECLARED_SELECTOR = YES;
				GCC_WARN_UNINITIALIZED_AUTOS = YES_AGGRESSIVE;
				GCC_WARN_UNUSED_FUNCTION = YES;
				GCC_WARN_UNUSED_VARIABLE = YES;
				IPHONEOS_DEPLOYMENT_TARGET = 16.2;
				MTL_ENABLE_DEBUG_INFO = NO;
				MTL_FAST_MATH = YES;
				SDKROOT = iphoneos;
				SWIFT_COMPILATION_MODE = wholemodule;
				SWIFT_OPTIMIZATION_LEVEL = "-O";
				VALIDATE_PRODUCT = YES;
			};
			name = Release;
		};
		12E28E4429F15E6B005CA9CD /* Debug */ = {
			isa = XCBuildConfiguration;
			buildSettings = {
				ASSETCATALOG_COMPILER_APPICON_NAME = AppIcon;
				ASSETCATALOG_COMPILER_GLOBAL_ACCENT_COLOR_NAME = AccentColor;
				CODE_SIGN_STYLE = Automatic;
				CURRENT_PROJECT_VERSION = 1;
				DEVELOPMENT_ASSET_PATHS = "\"Assets_SDY/Preview Content\"";
				DEVELOPMENT_TEAM = 6YV87RPH2N;
				ENABLE_PREVIEWS = YES;
				GENERATE_INFOPLIST_FILE = YES;
				INFOPLIST_KEY_UIApplicationSceneManifest_Generation = YES;
				INFOPLIST_KEY_UIApplicationSupportsIndirectInputEvents = YES;
				INFOPLIST_KEY_UILaunchScreen_Generation = YES;
				INFOPLIST_KEY_UISupportedInterfaceOrientations_iPad = "UIInterfaceOrientationPortrait UIInterfaceOrientationPortraitUpsideDown UIInterfaceOrientationLandscapeLeft UIInterfaceOrientationLandscapeRight";
				INFOPLIST_KEY_UISupportedInterfaceOrientations_iPhone = "UIInterfaceOrientationPortrait UIInterfaceOrientationLandscapeLeft UIInterfaceOrientationLandscapeRight";
				INFOPLIST_KEY_UIUserInterfaceStyle = Light;
				LD_RUNPATH_SEARCH_PATHS = (
					"$(inherited)",
					"@executable_path/Frameworks",
				);
				MARKETING_VERSION = 1.0;
				PRODUCT_BUNDLE_IDENTIFIER = "sdy.ac.kr.Assets-SDY";
				PRODUCT_NAME = "$(TARGET_NAME)";
				SWIFT_EMIT_LOC_STRINGS = YES;
				SWIFT_VERSION = 5.0;
				TARGETED_DEVICE_FAMILY = "1,2";
			};
			name = Debug;
		};
		12E28E4529F15E6B005CA9CD /* Release */ = {
			isa = XCBuildConfiguration;
			buildSettings = {
				ASSETCATALOG_COMPILER_APPICON_NAME = AppIcon;
				ASSETCATALOG_COMPILER_GLOBAL_ACCENT_COLOR_NAME = AccentColor;
				CODE_SIGN_STYLE = Automatic;
				CURRENT_PROJECT_VERSION = 1;
				DEVELOPMENT_ASSET_PATHS = "\"Assets_SDY/Preview Content\"";
				DEVELOPMENT_TEAM = 6YV87RPH2N;
				ENABLE_PREVIEWS = YES;
				GENERATE_INFOPLIST_FILE = YES;
				INFOPLIST_KEY_UIApplicationSceneManifest_Generation = YES;
				INFOPLIST_KEY_UIApplicationSupportsIndirectInputEvents = YES;
				INFOPLIST_KEY_UILaunchScreen_Generation = YES;
				INFOPLIST_KEY_UISupportedInterfaceOrientations_iPad = "UIInterfaceOrientationPortrait UIInterfaceOrientationPortraitUpsideDown UIInterfaceOrientationLandscapeLeft UIInterfaceOrientationLandscapeRight";
				INFOPLIST_KEY_UISupportedInterfaceOrientations_iPhone = "UIInterfaceOrientationPortrait UIInterfaceOrientationLandscapeLeft UIInterfaceOrientationLandscapeRight";
				INFOPLIST_KEY_UIUserInterfaceStyle = Light;
				LD_RUNPATH_SEARCH_PATHS = (
					"$(inherited)",
					"@executable_path/Frameworks",
				);
				MARKETING_VERSION = 1.0;
				PRODUCT_BUNDLE_IDENTIFIER = "sdy.ac.kr.Assets-SDY";
				PRODUCT_NAME = "$(TARGET_NAME)";
				SWIFT_EMIT_LOC_STRINGS = YES;
				SWIFT_VERSION = 5.0;
				TARGETED_DEVICE_FAMILY = "1,2";
			};
			name = Release;
		};
/* End XCBuildConfiguration section */

/* Begin XCConfigurationList section */
		12E28E3029F15E6A005CA9CD /* Build configuration list for PBXProject "Assets_SDY" */ = {
			isa = XCConfigurationList;
			buildConfigurations = (
				12E28E4129F15E6B005CA9CD /* Debug */,
				12E28E4229F15E6B005CA9CD /* Release */,
			);
			defaultConfigurationIsVisible = 0;
			defaultConfigurationName = Release;
		};
		12E28E4329F15E6B005CA9CD /* Build configuration list for PBXNativeTarget "Assets_SDY" */ = {
			isa = XCConfigurationList;
			buildConfigurations = (
				12E28E4429F15E6B005CA9CD /* Debug */,
				12E28E4529F15E6B005CA9CD /* Release */,
			);
			defaultConfigurationIsVisible = 0;
			defaultConfigurationName = Release;
		};
/* End XCConfigurationList section */
	};
	rootObject = 12E28E2D29F15E6A005CA9CD /* Project object */;
}
